{
    "_readme": [
        "This file locks the dependencies of your project to a known state",
        "Read more about it at http://getcomposer.org/doc/01-basic-usage.md#composer-lock-the-lock-file",
        "This file is @generated automatically"
    ],
    "hash": "fe22eed228cd810a2347c1c0e72ccbfb",
    "packages": [
        {
            "name": "danielstjules/stringy",
            "version": "1.9.0",
            "source": {
                "type": "git",
                "url": "https://github.com/danielstjules/Stringy.git",
                "reference": "3cf18e9e424a6dedc38b7eb7ef580edb0929461b"
            },
            "dist": {
                "type": "zip",
                "url": "https://api.github.com/repos/danielstjules/Stringy/zipball/3cf18e9e424a6dedc38b7eb7ef580edb0929461b",
                "reference": "3cf18e9e424a6dedc38b7eb7ef580edb0929461b",
                "shasum": ""
            },
            "require": {
                "ext-mbstring": "*",
                "php": ">=5.3.0"
            },
            "require-dev": {
                "phpunit/phpunit": "~4.0"
            },
            "type": "library",
            "autoload": {
                "psr-4": {
                    "Stringy\\": "src/"
                },
                "files": [
                    "src/Create.php"
                ]
            },
            "notification-url": "https://packagist.org/downloads/",
            "license": [
                "MIT"
            ],
            "authors": [
                {
                    "name": "Daniel St. Jules",
                    "email": "danielst.jules@gmail.com",
                    "homepage": "http://www.danielstjules.com"
                }
            ],
            "description": "A string manipulation library with multibyte support",
            "homepage": "https://github.com/danielstjules/Stringy",
            "keywords": [
                "UTF",
                "helpers",
                "manipulation",
                "methods",
                "multibyte",
                "string",
                "utf-8",
                "utility",
                "utils"
            ],
            "time": "2015-02-10 06:19:18"
        },
        {
            "name": "davejamesmiller/laravel-breadcrumbs",
            "version": "3.0.0",
            "source": {
                "type": "git",
                "url": "https://github.com/davejamesmiller/laravel-breadcrumbs.git",
                "reference": "5a5d5d1b1f5780359604f7fde11bbf810ff3e9e4"
            },
            "dist": {
                "type": "zip",
                "url": "https://api.github.com/repos/davejamesmiller/laravel-breadcrumbs/zipball/5a5d5d1b1f5780359604f7fde11bbf810ff3e9e4",
                "reference": "5a5d5d1b1f5780359604f7fde11bbf810ff3e9e4",
                "shasum": ""
            },
            "require": {
                "illuminate/support": "5.*",
                "illuminate/view": "5.*",
                "php": ">=5.4.0"
            },
            "require-dev": {
                "mockery/mockery": "0.9.*",
                "orchestra/testbench": "3.0.*",
                "phpunit/phpunit": "4.*",
                "satooshi/php-coveralls": "0.6.*"
            },
            "type": "library",
            "autoload": {
                "psr-4": {
                    "DaveJamesMiller\\Breadcrumbs\\": "src/"
                }
            },
            "notification-url": "https://packagist.org/downloads/",
            "license": [
                "MIT License"
            ],
            "authors": [
                {
                    "name": "Dave James Miller",
                    "email": "dave@davejamesmiller.com",
                    "homepage": "http://davejamesmiller.com/"
                }
            ],
            "description": "A simple Laravel-style way to create breadcrumbs in Laravel 4+.",
            "homepage": "https://github.com/davejamesmiller/laravel-breadcrumbs",
            "keywords": [
                "laravel"
            ],
            "time": "2015-02-08 21:44:39"
        },
        {
            "name": "doctrine/inflector",
            "version": "v1.0.1",
            "source": {
                "type": "git",
                "url": "https://github.com/doctrine/inflector.git",
                "reference": "0bcb2e79d8571787f18b7eb036ed3d004908e604"
            },
            "dist": {
                "type": "zip",
                "url": "https://api.github.com/repos/doctrine/inflector/zipball/0bcb2e79d8571787f18b7eb036ed3d004908e604",
                "reference": "0bcb2e79d8571787f18b7eb036ed3d004908e604",
                "shasum": ""
            },
            "require": {
                "php": ">=5.3.2"
            },
            "require-dev": {
                "phpunit/phpunit": "4.*"
            },
            "type": "library",
            "extra": {
                "branch-alias": {
                    "dev-master": "1.0.x-dev"
                }
            },
            "autoload": {
                "psr-0": {
                    "Doctrine\\Common\\Inflector\\": "lib/"
                }
            },
            "notification-url": "https://packagist.org/downloads/",
            "license": [
                "MIT"
            ],
            "authors": [
                {
                    "name": "Roman Borschel",
                    "email": "roman@code-factory.org"
                },
                {
                    "name": "Benjamin Eberlei",
                    "email": "kontakt@beberlei.de"
                },
                {
                    "name": "Guilherme Blanco",
                    "email": "guilhermeblanco@gmail.com"
                },
                {
                    "name": "Jonathan Wage",
                    "email": "jonwage@gmail.com"
                },
                {
                    "name": "Johannes Schmitt",
                    "email": "schmittjoh@gmail.com"
                }
            ],
            "description": "Common String Manipulations with regard to casing and singular/plural rules.",
            "homepage": "http://www.doctrine-project.org",
            "keywords": [
                "inflection",
                "pluralize",
                "singularize",
                "string"
            ],
            "time": "2014-12-20 21:24:13"
        },
        {
            "name": "illuminate/container",
            "version": "v5.0.28",
            "source": {
                "type": "git",
                "url": "https://github.com/illuminate/container.git",
                "reference": "a11c01c1d8b6941bd7ef2f104749ada5e34f146e"
            },
            "dist": {
                "type": "zip",
                "url": "https://api.github.com/repos/illuminate/container/zipball/a11c01c1d8b6941bd7ef2f104749ada5e34f146e",
                "reference": "a11c01c1d8b6941bd7ef2f104749ada5e34f146e",
                "shasum": ""
            },
            "require": {
                "illuminate/contracts": "5.0.*",
                "php": ">=5.4.0"
            },
            "type": "library",
            "extra": {
                "branch-alias": {
                    "dev-master": "5.0-dev"
                }
            },
            "autoload": {
                "psr-4": {
                    "Illuminate\\Container\\": ""
                }
            },
            "notification-url": "https://packagist.org/downloads/",
            "license": [
                "MIT"
            ],
            "authors": [
                {
                    "name": "Taylor Otwell",
                    "email": "taylorotwell@gmail.com"
                }
            ],
            "description": "The Illuminate Container package.",
            "homepage": "http://laravel.com",
            "time": "2015-03-25 17:06:14"
        },
        {
            "name": "illuminate/contracts",
            "version": "v5.0.0",
            "source": {
                "type": "git",
                "url": "https://github.com/illuminate/contracts.git",
                "reference": "78f1dba092d5fcb6d3a19537662abe31c4d128fd"
            },
            "dist": {
                "type": "zip",
                "url": "https://api.github.com/repos/illuminate/contracts/zipball/78f1dba092d5fcb6d3a19537662abe31c4d128fd",
                "reference": "78f1dba092d5fcb6d3a19537662abe31c4d128fd",
                "shasum": ""
            },
            "require": {
                "php": ">=5.4.0"
            },
            "type": "library",
            "extra": {
                "branch-alias": {
                    "dev-master": "5.0-dev"
                }
            },
            "autoload": {
                "psr-4": {
                    "Illuminate\\Contracts\\": ""
                }
            },
            "notification-url": "https://packagist.org/downloads/",
            "license": [
                "MIT"
            ],
            "authors": [
                {
                    "name": "Taylor Otwell",
                    "email": "taylorotwell@gmail.com"
                }
            ],
            "description": "The Illuminate Contracts package.",
            "time": "2015-01-30 16:27:08"
        },
        {
            "name": "illuminate/filesystem",
            "version": "v5.0.28",
            "source": {
                "type": "git",
                "url": "https://github.com/illuminate/filesystem.git",
                "reference": "9c2709f553ed025378d35fa4f4f8d9254304bf4f"
            },
            "dist": {
                "type": "zip",
                "url": "https://api.github.com/repos/illuminate/filesystem/zipball/9c2709f553ed025378d35fa4f4f8d9254304bf4f",
                "reference": "9c2709f553ed025378d35fa4f4f8d9254304bf4f",
                "shasum": ""
            },
            "require": {
                "illuminate/contracts": "5.0.*",
                "illuminate/support": "5.0.*",
                "league/flysystem": "~1.0",
                "php": ">=5.4.0",
                "symfony/finder": "2.6.*"
            },
            "suggest": {
                "league/flysystem-aws-s3-v2": "Required to use the Flysystem S3 driver (~1.0).",
                "league/flysystem-rackspace": "Required to use the Flysystem Rackspace driver (~1.0)."
            },
            "type": "library",
            "extra": {
                "branch-alias": {
                    "dev-master": "5.0-dev"
                }
            },
            "autoload": {
                "psr-4": {
                    "Illuminate\\Filesystem\\": ""
                }
            },
            "notification-url": "https://packagist.org/downloads/",
            "license": [
                "MIT"
            ],
            "authors": [
                {
                    "name": "Taylor Otwell",
                    "email": "taylorotwell@gmail.com"
                }
            ],
            "description": "The Illuminate Filesystem package.",
            "homepage": "http://laravel.com",
            "time": "2015-03-26 10:19:03"
        },
        {
            "name": "illuminate/support",
            "version": "v5.0.28",
            "source": {
                "type": "git",
                "url": "https://github.com/illuminate/support.git",
                "reference": "b6d68e1f2a7053bf4c755c5e6b15fcfb700e14e7"
            },
            "dist": {
                "type": "zip",
                "url": "https://api.github.com/repos/illuminate/support/zipball/b6d68e1f2a7053bf4c755c5e6b15fcfb700e14e7",
                "reference": "b6d68e1f2a7053bf4c755c5e6b15fcfb700e14e7",
                "shasum": ""
            },
            "require": {
                "danielstjules/stringy": "~1.8",
                "doctrine/inflector": "~1.0",
                "ext-mbstring": "*",
                "illuminate/contracts": "5.0.*",
                "php": ">=5.4.0"
            },
            "suggest": {
                "jeremeamia/superclosure": "Required to be able to serialize closures (~2.0)."
            },
            "type": "library",
            "extra": {
                "branch-alias": {
                    "dev-master": "5.0-dev"
                }
            },
            "autoload": {
                "psr-4": {
                    "Illuminate\\Support\\": ""
                },
                "files": [
                    "helpers.php"
                ]
            },
            "notification-url": "https://packagist.org/downloads/",
            "license": [
                "MIT"
            ],
            "authors": [
                {
                    "name": "Taylor Otwell",
                    "email": "taylorotwell@gmail.com"
                }
            ],
            "description": "The Illuminate Support package.",
            "homepage": "http://laravel.com",
            "time": "2015-04-15 19:26:55"
        },
        {
            "name": "illuminate/view",
            "version": "v5.0.28",
            "source": {
                "type": "git",
                "url": "https://github.com/illuminate/view.git",
                "reference": "db1ac014044ef47998ffd547172974b37e8e3be1"
            },
            "dist": {
                "type": "zip",
                "url": "https://api.github.com/repos/illuminate/view/zipball/db1ac014044ef47998ffd547172974b37e8e3be1",
                "reference": "db1ac014044ef47998ffd547172974b37e8e3be1",
                "shasum": ""
            },
            "require": {
                "illuminate/container": "5.0.*",
                "illuminate/contracts": "5.0.*",
                "illuminate/filesystem": "5.0.*",
                "illuminate/support": "5.0.*",
                "php": ">=5.4.0"
            },
            "type": "library",
            "extra": {
                "branch-alias": {
                    "dev-master": "5.0-dev"
                }
            },
            "autoload": {
                "psr-4": {
                    "Illuminate\\View\\": ""
                }
            },
            "notification-url": "https://packagist.org/downloads/",
            "license": [
                "MIT"
            ],
            "authors": [
                {
                    "name": "Taylor Otwell",
                    "email": "taylorotwell@gmail.com"
                }
            ],
            "description": "The Illuminate View package.",
            "homepage": "http://laravel.com",
            "time": "2015-04-16 15:42:54"
        },
        {
            "name": "intervention/image",
            "version": "2.2.0",
            "source": {
                "type": "git",
                "url": "https://github.com/Intervention/image.git",
                "reference": "6626d7624ac0895137a38c123943afedd0827efc"
            },
            "dist": {
                "type": "zip",
                "url": "https://api.github.com/repos/Intervention/image/zipball/6626d7624ac0895137a38c123943afedd0827efc",
                "reference": "6626d7624ac0895137a38c123943afedd0827efc",
                "shasum": ""
            },
            "require": {
                "ext-fileinfo": "*",
                "php": ">=5.3.0"
            },
            "require-dev": {
                "mockery/mockery": "~0.9.2",
                "phpunit/phpunit": "3.*"
            },
            "suggest": {
                "ext-gd": "to use GD library based image processing.",
                "ext-imagick": "to use Imagick based image processing.",
                "intervention/imagecache": "Caching extension for the Intervention Image library"
            },
            "type": "library",
            "autoload": {
                "psr-4": {
                    "Intervention\\Image\\": "src/Intervention/Image"
                }
            },
            "notification-url": "https://packagist.org/downloads/",
            "license": [
                "MIT"
            ],
            "authors": [
                {
                    "name": "Oliver Vogel",
                    "email": "oliver@olivervogel.net",
                    "homepage": "http://olivervogel.net/"
                }
            ],
            "description": "Image handling and manipulation library with support for Laravel integration",
            "homepage": "http://image.intervention.io/",
            "keywords": [
                "gd",
                "image",
                "imagick",
                "laravel",
                "thumbnail",
                "watermark"
            ],
            "time": "2015-04-24 14:50:48"
        },
        {
            "name": "jyggen/curl",
            "version": "v3.0.1",
            "source": {
                "type": "git",
                "url": "https://github.com/jyggen/curl.git",
                "reference": "6ff247fd855e80e50baf67f6147c62e5bff42c4f"
            },
            "dist": {
                "type": "zip",
                "url": "https://api.github.com/repos/jyggen/curl/zipball/6ff247fd855e80e50baf67f6147c62e5bff42c4f",
                "reference": "6ff247fd855e80e50baf67f6147c62e5bff42c4f",
                "shasum": ""
            },
            "require": {
                "ext-curl": "*",
                "php": ">=5.3.0",
                "symfony/http-foundation": "~2.0"
            },
            "require-dev": {
                "mockery/mockery": "dev-master"
            },
            "type": "library",
            "extra": {
                "branch-alias": {
                    "dev-master": "3.1-dev"
                }
            },
            "autoload": {
                "psr-0": {
                    "jyggen\\Curl": "lib/"
                }
            },
            "notification-url": "https://packagist.org/downloads/",
            "license": [
                "MIT"
            ],
            "authors": [
                {
                    "name": "Jonas Stendahl",
                    "email": "jonas.stendahl@gmail.com",
                    "homepage": "http://jyggen.com/",
                    "role": "Developer"
                }
            ],
            "description": "A simple and lightweight cURL library with support for multiple requests in parallel.",
            "homepage": "http://docs.jyggen.com/curl",
            "keywords": [
                "Multi-thread",
                "bot",
                "curl",
                "http",
                "laravel",
                "parallel",
                "spider"
            ],
            "time": "2013-08-21 11:59:16"
        },
        {
            "name": "league/flysystem",
            "version": "1.0.3",
            "source": {
                "type": "git",
                "url": "https://github.com/thephpleague/flysystem.git",
                "reference": "3c2400a99ccc3be6884d40361890010449c6b447"
            },
            "dist": {
                "type": "zip",
                "url": "https://api.github.com/repos/thephpleague/flysystem/zipball/3c2400a99ccc3be6884d40361890010449c6b447",
                "reference": "3c2400a99ccc3be6884d40361890010449c6b447",
                "shasum": ""
            },
            "require": {
                "php": ">=5.4.0"
            },
            "require-dev": {
                "ext-fileinfo": "*",
                "league/phpunit-coverage-listener": "~1.1",
                "mockery/mockery": "~0.9",
                "phpspec/phpspec": "~2.0",
                "phpspec/prophecy-phpunit": "~1.0",
                "phpunit/phpunit": "~4.1",
                "predis/predis": "~1.0",
                "tedivm/stash": "~0.12.0"
            },
            "suggest": {
                "ext-fileinfo": "Required for MimeType",
                "league/flysystem-aws-s3-v2": "Allows you to use S3 storage with AWS SDK v2",
                "league/flysystem-aws-s3-v3": "Allows you to use S3 storage with AWS SDK v3",
                "league/flysystem-azure": "Allows you to use Windows Azure Blob storage",
                "league/flysystem-cached-adapter": "Flysystem adapter decorator for metadata caching",
                "league/flysystem-copy": "Allows you to use Copy.com storage",
                "league/flysystem-dropbox": "Allows you to use Dropbox storage",
                "league/flysystem-eventable-filesystem": "Allows you to use EventableFilesystem",
                "league/flysystem-rackspace": "Allows you to use Rackspace Cloud Files",
                "league/flysystem-sftp": "Allows you to use SFTP server storage via phpseclib",
                "league/flysystem-webdav": "Allows you to use WebDAV storage",
                "league/flysystem-ziparchive": "Allows you to use ZipArchive adapter",
                "predis/predis": "Allows you to use Predis for caching"
            },
            "type": "library",
            "extra": {
                "branch-alias": {
                    "dev-master": "1.1-dev"
                }
            },
            "autoload": {
                "psr-4": {
                    "League\\Flysystem\\": "src/"
                }
            },
            "notification-url": "https://packagist.org/downloads/",
            "license": [
                "MIT"
            ],
            "authors": [
                {
                    "name": "Frank de Jonge",
                    "email": "info@frenky.net"
                }
            ],
            "description": "Many filesystems, one API.",
            "keywords": [
                "Cloud Files",
                "WebDAV",
                "aws",
                "cloud",
                "copy.com",
                "dropbox",
                "file systems",
                "files",
                "filesystem",
                "ftp",
                "rackspace",
                "remote",
                "s3",
                "sftp",
                "storage"
            ],
            "time": "2015-03-29 14:01:43"
        },
        {
            "name": "mj1618/admin-ui",
            "version": "0.1.1",
            "source": {
                "type": "git",
                "url": "https://bitbucket.org/mattj1618/laravel-adminui.git",
                "reference": "970371a105411cad2c622e1b792023502f5e74c3"
            },
            "dist": {
                "type": "zip",
                "url": "https://bitbucket.org/mattj1618/laravel-adminui/get/970371a105411cad2c622e1b792023502f5e74c3.zip",
                "reference": "970371a105411cad2c622e1b792023502f5e74c3",
                "shasum": ""
            },
            "require": {
                "davejamesmiller/laravel-breadcrumbs": "~3.0",
                "illuminate/support": "5.*",
                "illuminate/view": "5.*",
                "php": ">=5.4.0"
            },
            "type": "library",
            "autoload": {
                "psr-4": {
                    "MJ1618\\AdminUI\\": "src/"
                }
            },
            "notification-url": "https://packagist.org/downloads/",
            "authors": [
                {
                    "name": "Matt James",
                    "email": "matthew.stephen.james@gmail.com"
                }
            ],
            "time": "2015-04-28 08:19:11"
        },
        {
            "name": "om/icalparser",
            "version": "v0.0.5",
            "source": {
                "type": "git",
                "url": "https://github.com/OzzyCzech/icalparser.git",
                "reference": "818d0d0fcdb4bdf38dcd45c320850f03801946a2"
            },
            "dist": {
                "type": "zip",
                "url": "https://api.github.com/repos/OzzyCzech/icalparser/zipball/818d0d0fcdb4bdf38dcd45c320850f03801946a2",
                "reference": "818d0d0fcdb4bdf38dcd45c320850f03801946a2",
                "shasum": ""
            },
            "require": {
                "php": ">=5.3.1"
            },
            "require-dev": {
                "nette/tester": "*"
            },
            "type": "library",
            "autoload": {
                "classmap": [
                    "src/"
                ]
            },
            "notification-url": "https://packagist.org/downloads/",
            "license": [
                "BSD-3-Clause"
            ],
            "authors": [
                {
                    "name": "Roman Ozana",
                    "email": "ozana@omdesign.cz"
                }
            ],
            "description": "Simple ical parser",
            "keywords": [
                "calendar",
                "ical",
                "parser"
            ],
            "time": "2014-11-27 16:07:48"
        },
        {
            "name": "roumen/feed",
            "version": "v2.9.1",
            "source": {
                "type": "git",
                "url": "https://github.com/RoumenDamianoff/laravel-feed.git",
                "reference": "eb13cffb8e90d5ac0dc19578a6274fdea5b2d6d9"
            },
            "dist": {
                "type": "zip",
                "url": "https://api.github.com/repos/RoumenDamianoff/laravel-feed/zipball/eb13cffb8e90d5ac0dc19578a6274fdea5b2d6d9",
                "reference": "eb13cffb8e90d5ac0dc19578a6274fdea5b2d6d9",
                "shasum": ""
            },
            "require": {
                "illuminate/support": "~4|~5",
                "php": ">=5.4.0"
            },
            "require-dev": {
                "orchestra/testbench": "2.2.*",
                "phpunit/phpunit": "3.7.*"
            },
            "type": "library",
            "extra": {
                "branch-alias": {
                    "dev-master": "2.9-dev"
                }
            },
            "autoload": {
                "psr-0": {
                    "Roumen\\Feed": "src/"
                }
            },
            "notification-url": "https://packagist.org/downloads/",
            "license": [
                "MIT"
            ],
            "authors": [
                {
                    "name": "Roumen Damianoff",
                    "email": "roumen@dawebs.com",
                    "homepage": "https://roumen.it",
                    "role": "Developer"
                }
            ],
            "description": "A simple feed generator for Laravel.",
            "homepage": "https://roumen.it/projects/laravel-feed",
            "keywords": [
                "feed",
                "laravel"
            ],
            "time": "2015-02-26 12:28:26"
        },
        {
            "name": "symfony/finder",
            "version": "v2.6.6",
            "target-dir": "Symfony/Component/Finder",
            "source": {
                "type": "git",
                "url": "https://github.com/symfony/Finder.git",
                "reference": "5dbe2e73a580618f5b4880fda93406eed25de251"
            },
            "dist": {
                "type": "zip",
                "url": "https://api.github.com/repos/symfony/Finder/zipball/5dbe2e73a580618f5b4880fda93406eed25de251",
                "reference": "5dbe2e73a580618f5b4880fda93406eed25de251",
                "shasum": ""
            },
            "require": {
                "php": ">=5.3.3"
            },
            "require-dev": {
                "symfony/phpunit-bridge": "~2.7"
            },
            "type": "library",
            "extra": {
                "branch-alias": {
                    "dev-master": "2.6-dev"
                }
            },
            "autoload": {
                "psr-0": {
                    "Symfony\\Component\\Finder\\": ""
                }
            },
            "notification-url": "https://packagist.org/downloads/",
            "license": [
                "MIT"
            ],
            "authors": [
                {
                    "name": "Symfony Community",
                    "homepage": "http://symfony.com/contributors"
                },
                {
                    "name": "Fabien Potencier",
                    "email": "fabien@symfony.com"
                }
            ],
            "description": "Symfony Finder Component",
            "homepage": "http://symfony.com",
            "time": "2015-03-30 15:54:10"
        },
        {
            "name": "symfony/http-foundation",
            "version": "v2.6.6",
            "target-dir": "Symfony/Component/HttpFoundation",
            "source": {
                "type": "git",
                "url": "https://github.com/symfony/HttpFoundation.git",
                "reference": "8a6337233f08f7520de97f4ffd6f00e947d892f9"
            },
            "dist": {
                "type": "zip",
                "url": "https://api.github.com/repos/symfony/HttpFoundation/zipball/8a6337233f08f7520de97f4ffd6f00e947d892f9",
                "reference": "8a6337233f08f7520de97f4ffd6f00e947d892f9",
                "shasum": ""
            },
            "require": {
                "php": ">=5.3.3"
            },
            "require-dev": {
                "symfony/expression-language": "~2.4",
                "symfony/phpunit-bridge": "~2.7"
            },
            "type": "library",
            "extra": {
                "branch-alias": {
                    "dev-master": "2.6-dev"
                }
            },
            "autoload": {
                "psr-0": {
                    "Symfony\\Component\\HttpFoundation\\": ""
                },
                "classmap": [
                    "Symfony/Component/HttpFoundation/Resources/stubs"
                ]
            },
            "notification-url": "https://packagist.org/downloads/",
            "license": [
                "MIT"
            ],
            "authors": [
                {
                    "name": "Symfony Community",
                    "homepage": "http://symfony.com/contributors"
                },
                {
                    "name": "Fabien Potencier",
                    "email": "fabien@symfony.com"
                }
            ],
            "description": "Symfony HttpFoundation Component",
            "homepage": "http://symfony.com",
            "time": "2015-04-01 16:50:12"
        }
    ],
    "packages-dev": [],
    "aliases": [],
    "minimum-stability": "stable",
    "stability-flags": [],
    "prefer-stable": false,
    "prefer-lowest": false,
    "platform": {
        "php": ">=5.4.0"
    },
    "platform-dev": []
}
