{
    "_readme": [
        "This file locks the dependencies of your project to a known state",
        "Read more about it at https://getcomposer.org/doc/01-basic-usage.md#composer-lock-the-lock-file",
        "This file is @generated automatically"
    ],
    "hash": "0159fe522e8b914ff2af50bab9593ade",
    "packages": [
        {
            "name": "danielstjules/stringy",
            "version": "1.9.0",
            "source": {
                "type": "git",
                "url": "https://github.com/danielstjules/Stringy.git",
                "reference": "3cf18e9e424a6dedc38b7eb7ef580edb0929461b"
            },
            "dist": {
                "type": "zip",
                "url": "https://api.github.com/repos/danielstjules/Stringy/zipball/3cf18e9e424a6dedc38b7eb7ef580edb0929461b",
                "reference": "3cf18e9e424a6dedc38b7eb7ef580edb0929461b",
                "shasum": ""
            },
            "require": {
                "ext-mbstring": "*",
                "php": ">=5.3.0"
            },
            "require-dev": {
                "phpunit/phpunit": "~4.0"
            },
            "type": "library",
            "autoload": {
                "psr-4": {
                    "Stringy\\": "src/"
                },
                "files": [
                    "src/Create.php"
                ]
            },
            "notification-url": "https://packagist.org/downloads/",
            "license": [
                "MIT"
            ],
            "authors": [
                {
                    "name": "Daniel St. Jules",
                    "email": "danielst.jules@gmail.com",
                    "homepage": "http://www.danielstjules.com"
                }
            ],
            "description": "A string manipulation library with multibyte support",
            "homepage": "https://github.com/danielstjules/Stringy",
            "keywords": [
                "UTF",
                "helpers",
                "manipulation",
                "methods",
                "multibyte",
                "string",
                "utf-8",
                "utility",
                "utils"
            ],
            "time": "2015-02-10 06:19:18"
        },
        {
            "name": "davejamesmiller/laravel-breadcrumbs",
            "version": "3.0.0",
            "source": {
                "type": "git",
                "url": "https://github.com/davejamesmiller/laravel-breadcrumbs.git",
                "reference": "5a5d5d1b1f5780359604f7fde11bbf810ff3e9e4"
            },
            "dist": {
                "type": "zip",
                "url": "https://api.github.com/repos/davejamesmiller/laravel-breadcrumbs/zipball/5a5d5d1b1f5780359604f7fde11bbf810ff3e9e4",
                "reference": "5a5d5d1b1f5780359604f7fde11bbf810ff3e9e4",
                "shasum": ""
            },
            "require": {
                "illuminate/support": "5.*",
                "illuminate/view": "5.*",
                "php": ">=5.4.0"
            },
            "require-dev": {
                "mockery/mockery": "0.9.*",
                "orchestra/testbench": "3.0.*",
                "phpunit/phpunit": "4.*",
                "satooshi/php-coveralls": "0.6.*"
            },
            "type": "library",
            "autoload": {
                "psr-4": {
                    "DaveJamesMiller\\Breadcrumbs\\": "src/"
                }
            },
            "notification-url": "https://packagist.org/downloads/",
            "license": [
                "MIT License"
            ],
            "authors": [
                {
                    "name": "Dave James Miller",
                    "email": "dave@davejamesmiller.com",
                    "homepage": "http://davejamesmiller.com/"
                }
            ],
            "description": "A simple Laravel-style way to create breadcrumbs in Laravel 4+.",
            "homepage": "https://github.com/davejamesmiller/laravel-breadcrumbs",
            "keywords": [
                "laravel"
            ],
            "time": "2015-02-08 21:44:39"
        },
        {
            "name": "doctrine/inflector",
            "version": "v1.0.1",
            "source": {
                "type": "git",
                "url": "https://github.com/doctrine/inflector.git",
                "reference": "0bcb2e79d8571787f18b7eb036ed3d004908e604"
            },
            "dist": {
                "type": "zip",
                "url": "https://api.github.com/repos/doctrine/inflector/zipball/0bcb2e79d8571787f18b7eb036ed3d004908e604",
                "reference": "0bcb2e79d8571787f18b7eb036ed3d004908e604",
                "shasum": ""
            },
            "require": {
                "php": ">=5.3.2"
            },
            "require-dev": {
                "phpunit/phpunit": "4.*"
            },
            "type": "library",
            "extra": {
                "branch-alias": {
                    "dev-master": "1.0.x-dev"
                }
            },
            "autoload": {
                "psr-0": {
                    "Doctrine\\Common\\Inflector\\": "lib/"
                }
            },
            "notification-url": "https://packagist.org/downloads/",
            "license": [
                "MIT"
            ],
            "authors": [
                {
                    "name": "Roman Borschel",
                    "email": "roman@code-factory.org"
                },
                {
                    "name": "Benjamin Eberlei",
                    "email": "kontakt@beberlei.de"
                },
                {
                    "name": "Guilherme Blanco",
                    "email": "guilhermeblanco@gmail.com"
                },
                {
                    "name": "Jonathan Wage",
                    "email": "jonwage@gmail.com"
                },
                {
                    "name": "Johannes Schmitt",
                    "email": "schmittjoh@gmail.com"
                }
            ],
            "description": "Common String Manipulations with regard to casing and singular/plural rules.",
            "homepage": "http://www.doctrine-project.org",
            "keywords": [
                "inflection",
                "pluralize",
                "singularize",
                "string"
            ],
            "time": "2014-12-20 21:24:13"
        },
        {
            "name": "gloudemans/shoppingcart",
            "version": "1.3",
            "source": {
                "type": "git",
                "url": "https://github.com/Crinsane/LaravelShoppingcart.git",
                "reference": "d2ba5aff19fc94a321611b1e9dd531c8e1800359"
            },
            "dist": {
                "type": "zip",
                "url": "https://api.github.com/repos/Crinsane/LaravelShoppingcart/zipball/d2ba5aff19fc94a321611b1e9dd531c8e1800359",
                "reference": "d2ba5aff19fc94a321611b1e9dd531c8e1800359",
                "shasum": ""
            },
            "require": {
                "illuminate/support": "~5.0",
                "php": ">=5.4.0"
            },
            "require-dev": {
                "mockery/mockery": "~0.9",
                "phpunit/phpunit": "~4.0"
            },
            "type": "library",
            "autoload": {
                "psr-0": {
                    "Gloudemans\\Shoppingcart": "src/"
                }
            },
            "notification-url": "https://packagist.org/downloads/",
            "license": [
                "MIT"
            ],
            "authors": [
                {
                    "name": "Rob Gloudemans",
                    "email": "Rob_Gloudemans@hotmail.com"
                }
            ],
            "description": "Laravel 4 Shoppingcart",
            "keywords": [
                "laravel",
                "shoppingcart"
            ],
            "time": "2015-02-19 14:36:24"
        },
        {
            "name": "guzzlehttp/guzzle",
            "version": "5.3.0",
            "source": {
                "type": "git",
                "url": "https://github.com/guzzle/guzzle.git",
                "reference": "f3c8c22471cb55475105c14769644a49c3262b93"
            },
            "dist": {
                "type": "zip",
                "url": "https://api.github.com/repos/guzzle/guzzle/zipball/f3c8c22471cb55475105c14769644a49c3262b93",
                "reference": "f3c8c22471cb55475105c14769644a49c3262b93",
                "shasum": ""
            },
            "require": {
                "guzzlehttp/ringphp": "^1.1",
                "php": ">=5.4.0"
            },
            "require-dev": {
                "ext-curl": "*",
                "phpunit/phpunit": "^4.0",
                "psr/log": "^1.0"
            },
            "type": "library",
            "extra": {
                "branch-alias": {
                    "dev-master": "5.0-dev"
                }
            },
            "autoload": {
                "psr-4": {
                    "GuzzleHttp\\": "src/"
                }
            },
            "notification-url": "https://packagist.org/downloads/",
            "license": [
                "MIT"
            ],
            "authors": [
                {
                    "name": "Michael Dowling",
                    "email": "mtdowling@gmail.com",
                    "homepage": "https://github.com/mtdowling"
                }
            ],
            "description": "Guzzle is a PHP HTTP client library and framework for building RESTful web service clients",
            "homepage": "http://guzzlephp.org/",
            "keywords": [
                "client",
                "curl",
                "framework",
                "http",
                "http client",
                "rest",
                "web service"
            ],
            "time": "2015-05-20 03:47:55"
        },
        {
            "name": "guzzlehttp/ringphp",
            "version": "1.1.0",
            "source": {
                "type": "git",
                "url": "https://github.com/guzzle/RingPHP.git",
                "reference": "dbbb91d7f6c191e5e405e900e3102ac7f261bc0b"
            },
            "dist": {
                "type": "zip",
                "url": "https://api.github.com/repos/guzzle/RingPHP/zipball/dbbb91d7f6c191e5e405e900e3102ac7f261bc0b",
                "reference": "dbbb91d7f6c191e5e405e900e3102ac7f261bc0b",
                "shasum": ""
            },
            "require": {
                "guzzlehttp/streams": "~3.0",
                "php": ">=5.4.0",
                "react/promise": "~2.0"
            },
            "require-dev": {
                "ext-curl": "*",
                "phpunit/phpunit": "~4.0"
            },
            "suggest": {
                "ext-curl": "Guzzle will use specific adapters if cURL is present"
            },
            "type": "library",
            "extra": {
                "branch-alias": {
                    "dev-master": "1.1-dev"
                }
            },
            "autoload": {
                "psr-4": {
                    "GuzzleHttp\\Ring\\": "src/"
                }
            },
            "notification-url": "https://packagist.org/downloads/",
            "license": [
                "MIT"
            ],
            "authors": [
                {
                    "name": "Michael Dowling",
                    "email": "mtdowling@gmail.com",
                    "homepage": "https://github.com/mtdowling"
                }
            ],
            "description": "Provides a simple API and specification that abstracts away the details of HTTP into a single PHP function.",
            "time": "2015-05-20 03:37:09"
        },
        {
            "name": "guzzlehttp/streams",
            "version": "3.0.0",
            "source": {
                "type": "git",
                "url": "https://github.com/guzzle/streams.git",
                "reference": "47aaa48e27dae43d39fc1cea0ccf0d84ac1a2ba5"
            },
            "dist": {
                "type": "zip",
                "url": "https://api.github.com/repos/guzzle/streams/zipball/47aaa48e27dae43d39fc1cea0ccf0d84ac1a2ba5",
                "reference": "47aaa48e27dae43d39fc1cea0ccf0d84ac1a2ba5",
                "shasum": ""
            },
            "require": {
                "php": ">=5.4.0"
            },
            "require-dev": {
                "phpunit/phpunit": "~4.0"
            },
            "type": "library",
            "extra": {
                "branch-alias": {
                    "dev-master": "3.0-dev"
                }
            },
            "autoload": {
                "psr-4": {
                    "GuzzleHttp\\Stream\\": "src/"
                }
            },
            "notification-url": "https://packagist.org/downloads/",
            "license": [
                "MIT"
            ],
            "authors": [
                {
                    "name": "Michael Dowling",
                    "email": "mtdowling@gmail.com",
                    "homepage": "https://github.com/mtdowling"
                }
            ],
            "description": "Provides a simple abstraction over streams of data",
            "homepage": "http://guzzlephp.org/",
            "keywords": [
                "Guzzle",
                "stream"
            ],
            "time": "2014-10-12 19:18:40"
        },
        {
            "name": "illuminate/container",
            "version": "v5.0.33",
            "source": {
                "type": "git",
                "url": "https://github.com/illuminate/container.git",
                "reference": "aa85c752eb7c6ccc2c6ffc5bfffb3ba8dd9719d6"
            },
            "dist": {
                "type": "zip",
                "url": "https://api.github.com/repos/illuminate/container/zipball/aa85c752eb7c6ccc2c6ffc5bfffb3ba8dd9719d6",
                "reference": "aa85c752eb7c6ccc2c6ffc5bfffb3ba8dd9719d6",
                "shasum": ""
            },
            "require": {
                "illuminate/contracts": "5.0.*",
                "php": ">=5.4.0"
            },
            "type": "library",
            "extra": {
                "branch-alias": {
                    "dev-master": "5.0-dev"
                }
            },
            "autoload": {
                "psr-4": {
                    "Illuminate\\Container\\": ""
                }
            },
            "notification-url": "https://packagist.org/downloads/",
            "license": [
                "MIT"
            ],
            "authors": [
                {
                    "name": "Taylor Otwell",
                    "email": "taylorotwell@gmail.com"
                }
            ],
            "description": "The Illuminate Container package.",
            "homepage": "http://laravel.com",
            "time": "2015-05-29 20:16:27"
        },
        {
            "name": "illuminate/contracts",
            "version": "v5.0.33",
            "source": {
                "type": "git",
                "url": "https://github.com/illuminate/contracts.git",
                "reference": "b8b11d78724a6f8a62be3b1dfa20fa372f861398"
            },
            "dist": {
                "type": "zip",
                "url": "https://api.github.com/repos/illuminate/contracts/zipball/b8b11d78724a6f8a62be3b1dfa20fa372f861398",
                "reference": "b8b11d78724a6f8a62be3b1dfa20fa372f861398",
                "shasum": ""
            },
            "require": {
                "php": ">=5.4.0"
            },
            "type": "library",
            "extra": {
                "branch-alias": {
                    "dev-master": "5.0-dev"
                }
            },
            "autoload": {
                "psr-4": {
                    "Illuminate\\Contracts\\": ""
                }
            },
            "notification-url": "https://packagist.org/downloads/",
            "license": [
                "MIT"
            ],
            "authors": [
                {
                    "name": "Taylor Otwell",
                    "email": "taylorotwell@gmail.com"
                }
            ],
            "description": "The Illuminate Contracts package.",
            "homepage": "http://laravel.com",
            "time": "2015-05-15 07:22:28"
        },
        {
            "name": "illuminate/filesystem",
            "version": "v5.0.33",
            "source": {
                "type": "git",
                "url": "https://github.com/illuminate/filesystem.git",
                "reference": "04c31739a153122c64feebf2ac37cfe1901e2da7"
            },
            "dist": {
                "type": "zip",
                "url": "https://api.github.com/repos/illuminate/filesystem/zipball/04c31739a153122c64feebf2ac37cfe1901e2da7",
                "reference": "04c31739a153122c64feebf2ac37cfe1901e2da7",
                "shasum": ""
            },
            "require": {
                "illuminate/contracts": "5.0.*",
                "illuminate/support": "5.0.*",
                "league/flysystem": "~1.0",
                "php": ">=5.4.0",
                "symfony/finder": "2.6.*"
            },
            "suggest": {
                "league/flysystem-aws-s3-v2": "Required to use the Flysystem S3 driver (~1.0).",
                "league/flysystem-rackspace": "Required to use the Flysystem Rackspace driver (~1.0)."
            },
            "type": "library",
            "extra": {
                "branch-alias": {
                    "dev-master": "5.0-dev"
                }
            },
            "autoload": {
                "psr-4": {
                    "Illuminate\\Filesystem\\": ""
                }
            },
            "notification-url": "https://packagist.org/downloads/",
            "license": [
                "MIT"
            ],
            "authors": [
                {
                    "name": "Taylor Otwell",
                    "email": "taylorotwell@gmail.com"
                }
            ],
            "description": "The Illuminate Filesystem package.",
            "homepage": "http://laravel.com",
            "time": "2015-05-15 07:22:28"
        },
        {
            "name": "illuminate/support",
            "version": "v5.0.28",
            "source": {
                "type": "git",
                "url": "https://github.com/illuminate/support.git",
                "reference": "b6d68e1f2a7053bf4c755c5e6b15fcfb700e14e7"
            },
            "dist": {
                "type": "zip",
                "url": "https://api.github.com/repos/illuminate/support/zipball/b6d68e1f2a7053bf4c755c5e6b15fcfb700e14e7",
                "reference": "b6d68e1f2a7053bf4c755c5e6b15fcfb700e14e7",
                "shasum": ""
            },
            "require": {
                "danielstjules/stringy": "~1.8",
                "doctrine/inflector": "~1.0",
                "ext-mbstring": "*",
                "illuminate/contracts": "5.0.*",
                "php": ">=5.4.0"
            },
            "suggest": {
                "jeremeamia/superclosure": "Required to be able to serialize closures (~2.0)."
            },
            "type": "library",
            "extra": {
                "branch-alias": {
                    "dev-master": "5.0-dev"
                }
            },
            "autoload": {
                "psr-4": {
                    "Illuminate\\Support\\": ""
                },
                "files": [
                    "helpers.php"
                ]
            },
            "notification-url": "https://packagist.org/downloads/",
            "license": [
                "MIT"
            ],
            "authors": [
                {
                    "name": "Taylor Otwell",
                    "email": "taylorotwell@gmail.com"
                }
            ],
            "description": "The Illuminate Support package.",
            "homepage": "http://laravel.com",
            "time": "2015-04-15 19:26:55"
        },
        {
            "name": "illuminate/view",
            "version": "v5.0.28",
            "source": {
                "type": "git",
                "url": "https://github.com/illuminate/view.git",
                "reference": "db1ac014044ef47998ffd547172974b37e8e3be1"
            },
            "dist": {
                "type": "zip",
                "url": "https://api.github.com/repos/illuminate/view/zipball/db1ac014044ef47998ffd547172974b37e8e3be1",
                "reference": "db1ac014044ef47998ffd547172974b37e8e3be1",
                "shasum": ""
            },
            "require": {
                "illuminate/container": "5.0.*",
                "illuminate/contracts": "5.0.*",
                "illuminate/filesystem": "5.0.*",
                "illuminate/support": "5.0.*",
                "php": ">=5.4.0"
            },
            "type": "library",
            "extra": {
                "branch-alias": {
                    "dev-master": "5.0-dev"
                }
            },
            "autoload": {
                "psr-4": {
                    "Illuminate\\View\\": ""
                }
            },
            "notification-url": "https://packagist.org/downloads/",
            "license": [
                "MIT"
            ],
            "authors": [
                {
                    "name": "Taylor Otwell",
                    "email": "taylorotwell@gmail.com"
                }
            ],
            "description": "The Illuminate View package.",
            "homepage": "http://laravel.com",
            "time": "2015-04-16 15:42:54"
        },
        {
            "name": "intervention/image",
            "version": "2.2.0",
            "source": {
                "type": "git",
                "url": "https://github.com/Intervention/image.git",
                "reference": "6626d7624ac0895137a38c123943afedd0827efc"
            },
            "dist": {
                "type": "zip",
                "url": "https://api.github.com/repos/Intervention/image/zipball/6626d7624ac0895137a38c123943afedd0827efc",
                "reference": "6626d7624ac0895137a38c123943afedd0827efc",
                "shasum": ""
            },
            "require": {
                "ext-fileinfo": "*",
                "php": ">=5.3.0"
            },
            "require-dev": {
                "mockery/mockery": "~0.9.2",
                "phpunit/phpunit": "3.*"
            },
            "suggest": {
                "ext-gd": "to use GD library based image processing.",
                "ext-imagick": "to use Imagick based image processing.",
                "intervention/imagecache": "Caching extension for the Intervention Image library"
            },
            "type": "library",
            "autoload": {
                "psr-4": {
                    "Intervention\\Image\\": "src/Intervention/Image"
                }
            },
            "notification-url": "https://packagist.org/downloads/",
            "license": [
                "MIT"
            ],
            "authors": [
                {
                    "name": "Oliver Vogel",
                    "email": "oliver@olivervogel.net",
                    "homepage": "http://olivervogel.net/"
                }
            ],
            "description": "Image handling and manipulation library with support for Laravel integration",
            "homepage": "http://image.intervention.io/",
            "keywords": [
                "gd",
                "image",
                "imagick",
                "laravel",
                "thumbnail",
                "watermark"
            ],
            "time": "2015-04-24 14:50:48"
        },
        {
            "name": "johngrogg/ics-parser",
            "version": "v1.0.2",
            "source": {
                "type": "git",
                "url": "https://github.com/johngrogg/ics-parser.git",
                "reference": "4d4fbd147e4dac78f8b34b66d3380edefb9f2c4b"
            },
            "dist": {
                "type": "zip",
                "url": "https://api.github.com/repos/johngrogg/ics-parser/zipball/4d4fbd147e4dac78f8b34b66d3380edefb9f2c4b",
                "reference": "4d4fbd147e4dac78f8b34b66d3380edefb9f2c4b",
                "shasum": ""
            },
            "type": "library",
            "autoload": {
                "classmap": [
                    "class.iCalReader.php"
                ]
            },
            "notification-url": "https://packagist.org/downloads/",
            "authors": [
                {
                    "name": "Martin Thoma",
                    "email": "info@martin-thoma.de",
                    "role": "Original Developer"
                },
                {
                    "name": "John Grogg",
                    "email": "john.grogg@gmail.com",
                    "role": "Developer"
                }
            ],
            "description": "Ics file parser",
            "keywords": [
                "ical",
                "ics"
            ],
            "time": "2015-04-21 22:49:49"
        },
        {
            "name": "league/flysystem",
            "version": "1.0.10",
            "source": {
                "type": "git",
                "url": "https://github.com/thephpleague/flysystem.git",
                "reference": "3475ce0b1b5cab41f012905c4c58ad645088f7c9"
            },
            "dist": {
                "type": "zip",
                "url": "https://api.github.com/repos/thephpleague/flysystem/zipball/3475ce0b1b5cab41f012905c4c58ad645088f7c9",
                "reference": "3475ce0b1b5cab41f012905c4c58ad645088f7c9",
                "shasum": ""
            },
            "require": {
                "php": ">=5.4.0"
            },
            "require-dev": {
                "ext-fileinfo": "*",
                "mockery/mockery": "~0.9",
                "phpspec/phpspec": "^2.2",
                "phpspec/prophecy-phpunit": "~1.0",
                "phpunit/phpunit": "~4.1"
            },
            "suggest": {
                "ext-fileinfo": "Required for MimeType",
                "league/flysystem-aws-s3-v2": "Allows you to use S3 storage with AWS SDK v2",
                "league/flysystem-aws-s3-v3": "Allows you to use S3 storage with AWS SDK v3",
                "league/flysystem-azure": "Allows you to use Windows Azure Blob storage",
                "league/flysystem-cached-adapter": "Flysystem adapter decorator for metadata caching",
                "league/flysystem-copy": "Allows you to use Copy.com storage",
                "league/flysystem-dropbox": "Allows you to use Dropbox storage",
                "league/flysystem-eventable-filesystem": "Allows you to use EventableFilesystem",
                "league/flysystem-rackspace": "Allows you to use Rackspace Cloud Files",
                "league/flysystem-sftp": "Allows you to use SFTP server storage via phpseclib",
                "league/flysystem-webdav": "Allows you to use WebDAV storage",
                "league/flysystem-ziparchive": "Allows you to use ZipArchive adapter"
            },
            "type": "library",
            "extra": {
                "branch-alias": {
                    "dev-master": "1.1-dev"
                }
            },
            "autoload": {
                "psr-4": {
                    "League\\Flysystem\\": "src/"
                }
            },
            "notification-url": "https://packagist.org/downloads/",
            "license": [
                "MIT"
            ],
            "authors": [
                {
                    "name": "Frank de Jonge",
                    "email": "info@frenky.net"
                }
            ],
            "description": "Filesystem abstraction: Many filesystems, one API.",
            "keywords": [
                "Cloud Files",
                "WebDAV",
                "abstraction",
                "aws",
                "cloud",
                "copy.com",
                "dropbox",
                "file systems",
                "files",
                "filesystem",
                "filesystems",
                "ftp",
                "rackspace",
                "remote",
                "s3",
                "sftp",
                "storage"
            ],
            "time": "2015-07-21 19:35:53"
        },
        {
            "name": "mj1618/admin-ui",
            "version": "0.1.1",
            "source": {
                "type": "git",
                "url": "https://bitbucket.org/mattj1618/laravel-adminui.git",
                "reference": "970371a105411cad2c622e1b792023502f5e74c3"
            },
            "dist": {
                "type": "zip",
                "url": "https://bitbucket.org/mattj1618/laravel-adminui/get/970371a105411cad2c622e1b792023502f5e74c3.zip",
                "reference": "970371a105411cad2c622e1b792023502f5e74c3",
                "shasum": ""
            },
            "require": {
                "davejamesmiller/laravel-breadcrumbs": "~3.0",
                "illuminate/support": "5.*",
                "illuminate/view": "5.*",
                "php": ">=5.4.0"
            },
            "type": "library",
            "autoload": {
                "psr-4": {
                    "MJ1618\\AdminUI\\": "src/"
                }
            },
            "notification-url": "https://packagist.org/downloads/",
            "authors": [
                {
                    "name": "Matt James",
                    "email": "matthew.stephen.james@gmail.com"
                }
            ],
            "time": "2015-04-28 08:19:11"
        },
        {
            "name": "om/icalparser",
            "version": "v0.0.5",
            "source": {
                "type": "git",
                "url": "https://github.com/OzzyCzech/icalparser.git",
                "reference": "818d0d0fcdb4bdf38dcd45c320850f03801946a2"
            },
            "dist": {
                "type": "zip",
                "url": "https://api.github.com/repos/OzzyCzech/icalparser/zipball/818d0d0fcdb4bdf38dcd45c320850f03801946a2",
                "reference": "818d0d0fcdb4bdf38dcd45c320850f03801946a2",
                "shasum": ""
            },
            "require": {
                "php": ">=5.3.1"
            },
            "require-dev": {
                "nette/tester": "*"
            },
            "type": "library",
            "autoload": {
                "classmap": [
                    "src/"
                ]
            },
            "notification-url": "https://packagist.org/downloads/",
            "license": [
                "BSD-3-Clause"
            ],
            "authors": [
                {
                    "name": "Roman Ožana",
                    "email": "ozana@omdesign.cz"
                }
            ],
            "description": "Simple ical parser",
            "keywords": [
                "calendar",
                "ical",
                "parser"
            ],
            "time": "2014-11-27 16:07:48"
        },
        {
            "name": "react/promise",
            "version": "v2.2.1",
            "source": {
                "type": "git",
                "url": "https://github.com/reactphp/promise.git",
                "reference": "3b6fca09c7d56321057fa8867c8dbe1abf648627"
            },
            "dist": {
                "type": "zip",
                "url": "https://api.github.com/repos/reactphp/promise/zipball/3b6fca09c7d56321057fa8867c8dbe1abf648627",
                "reference": "3b6fca09c7d56321057fa8867c8dbe1abf648627",
                "shasum": ""
            },
            "require": {
                "php": ">=5.4.0"
            },
            "type": "library",
            "extra": {
                "branch-alias": {
                    "dev-master": "2.0-dev"
                }
            },
            "autoload": {
                "psr-4": {
                    "React\\Promise\\": "src/"
                },
                "files": [
                    "src/functions_include.php"
                ]
            },
            "notification-url": "https://packagist.org/downloads/",
            "license": [
                "MIT"
            ],
            "authors": [
                {
                    "name": "Jan Sorgalla",
                    "email": "jsorgalla@gmail.com"
                }
            ],
            "description": "A lightweight implementation of CommonJS Promises/A for PHP",
            "time": "2015-07-03 13:48:55"
        },
        {
            "name": "roumen/feed",
            "version": "v2.9.1",
            "source": {
                "type": "git",
                "url": "https://github.com/RoumenDamianoff/laravel-feed.git",
                "reference": "eb13cffb8e90d5ac0dc19578a6274fdea5b2d6d9"
            },
            "dist": {
                "type": "zip",
                "url": "https://api.github.com/repos/RoumenDamianoff/laravel-feed/zipball/eb13cffb8e90d5ac0dc19578a6274fdea5b2d6d9",
                "reference": "eb13cffb8e90d5ac0dc19578a6274fdea5b2d6d9",
                "shasum": ""
            },
            "require": {
                "illuminate/support": "~4|~5",
                "php": ">=5.4.0"
            },
            "require-dev": {
                "orchestra/testbench": "2.2.*",
                "phpunit/phpunit": "3.7.*"
            },
            "type": "library",
            "extra": {
                "branch-alias": {
                    "dev-master": "2.9-dev"
                }
            },
            "autoload": {
                "psr-0": {
                    "Roumen\\Feed": "src/"
                }
            },
            "notification-url": "https://packagist.org/downloads/",
            "license": [
                "MIT"
            ],
            "authors": [
                {
                    "name": "Roumen Damianoff",
                    "email": "roumen@dawebs.com",
                    "homepage": "https://roumen.it",
                    "role": "Developer"
                }
            ],
            "description": "A simple feed generator for Laravel.",
            "homepage": "https://roumen.it/projects/laravel-feed",
            "keywords": [
                "feed",
                "laravel"
            ],
            "time": "2015-02-26 12:28:26"
        },
        {
            "name": "symfony/finder",
            "version": "v2.6.10",
            "target-dir": "Symfony/Component/Finder",
            "source": {
                "type": "git",
                "url": "https://github.com/symfony/Finder.git",
                "reference": "203a10f928ae30176deeba33512999233181dd28"
            },
            "dist": {
                "type": "zip",
                "url": "https://api.github.com/repos/symfony/Finder/zipball/203a10f928ae30176deeba33512999233181dd28",
                "reference": "203a10f928ae30176deeba33512999233181dd28",
                "shasum": ""
            },
            "require": {
                "php": ">=5.3.3"
            },
            "require-dev": {
                "symfony/phpunit-bridge": "~2.7"
            },
            "type": "library",
            "extra": {
                "branch-alias": {
                    "dev-master": "2.6-dev"
                }
            },
            "autoload": {
                "psr-0": {
                    "Symfony\\Component\\Finder\\": ""
                }
            },
            "notification-url": "https://packagist.org/downloads/",
            "license": [
                "MIT"
            ],
            "authors": [
                {
                    "name": "Fabien Potencier",
                    "email": "fabien@symfony.com"
                },
                {
                    "name": "Symfony Community",
                    "homepage": "https://symfony.com/contributors"
                }
            ],
            "description": "Symfony Finder Component",
            "homepage": "https://symfony.com",
            "time": "2015-07-09 16:02:48"
        }
    ],
    "packages-dev": [],
    "aliases": [],
    "minimum-stability": "stable",
    "stability-flags": [],
    "prefer-stable": false,
    "prefer-lowest": false,
    "platform": {
        "php": ">=5.4.0"
    },
    "platform-dev": []
}
